
Microsoft Visual Studio Solution File, Format Version 12.00
# Visual Studio 15
Project("{FAE04EC0-301F-11D3-BF4B-00C04F79EFBC}") = "QuotesApi", "QuotesApi\QuotesApi.csproj", "{1EBD8E02-CF9B-447B-BA2D-81884CF1938D}"
EndProject
Global
	GlobalSection(SolutionConfigurationPlatforms) = preSolution
		Debug|Any CPU = Debug|Any CPU
		Release|Any CPU = Release|Any CPU
	EndGlobalSection
	GlobalSection(ProjectConfigurationPlatforms) = postSolution
		{1EBD8E02-CF9B-447B-BA2D-81884CF1938D}.Debug|Any CPU.ActiveCfg = Debug|Any CPU
		{1EBD8E02-CF9B-447B-BA2D-81884CF1938D}.Debug|Any CPU.Build.0 = Debug|Any CPU
		{1EBD8E02-CF9B-447B-BA2D-81884CF1938D}.Release|Any CPU.ActiveCfg = Release|Any CPU
		{1EBD8E02-CF9B-447B-BA2D-81884CF1938D}.Release|Any CPU.Build.0 = Release|Any CPU
	EndGlobalSection
EndGlobal
